
Microsoft Visual Studio Solution File, Format Version 12.00
# Visual Studio Version 16
VisualStudioVersion = 16.0.29009.5
MinimumVisualStudioVersion = 10.0.40219.1
Project("{2150E333-8FDC-42A3-9474-1A3956D46DE8}") = "varia", "varia", "{53D6087C-C427-43E4-AEFB-675CD5AB22BE}"
	ProjectSection(SolutionItems) = preProject
		.gitignore = .gitignore
		license = license
		readme.md = readme.md
	EndProjectSection
EndProject
Project("{54435603-DBB4-11D2-8724-00A0C9A8B90C}") = "setup", "setup.vdproj", "{5040AFEB-8D72-46F9-957B-0623158888E2}"
EndProject
Project("{8BC9CEB8-8B4A-11D0-8D11-00A0C91BC942}") = "clona", "clona.vcxproj", "{9E6E3785-C009-4721-BF0C-C9A30561A87C}"
EndProject
Project("{2150E333-8FDC-42A3-9474-1A3956D46DE8}") = "asset", "asset", "{2424A51E-B3CC-418E-9DD4-DD53FE261F93}"
EndProject
Project("{2150E333-8FDC-42A3-9474-1A3956D46DE8}") = "script", "script", "{AE8A375F-87FF-48A3-80E0-D32CD11459B5}"
	ProjectSection(SolutionItems) = preProject
		asset\script\main.cue = asset\script\main.cue
	EndProjectSection
EndProject
Global
	GlobalSection(SolutionConfigurationPlatforms) = preSolution
		Debug|x64 = Debug|x64
		Debug|x86 = Debug|x86
		Release|x64 = Release|x64
		Release|x86 = Release|x86
	EndGlobalSection
	GlobalSection(ProjectConfigurationPlatforms) = postSolution
		{5040AFEB-8D72-46F9-957B-0623158888E2}.Debug|x64.ActiveCfg = Debug
		{5040AFEB-8D72-46F9-957B-0623158888E2}.Debug|x64.Build.0 = Debug
		{5040AFEB-8D72-46F9-957B-0623158888E2}.Debug|x86.ActiveCfg = Debug
		{5040AFEB-8D72-46F9-957B-0623158888E2}.Debug|x86.Build.0 = Debug
		{5040AFEB-8D72-46F9-957B-0623158888E2}.Release|x64.ActiveCfg = Release
		{5040AFEB-8D72-46F9-957B-0623158888E2}.Release|x64.Build.0 = Release
		{5040AFEB-8D72-46F9-957B-0623158888E2}.Release|x86.ActiveCfg = Release
		{5040AFEB-8D72-46F9-957B-0623158888E2}.Release|x86.Build.0 = Release
		{9E6E3785-C009-4721-BF0C-C9A30561A87C}.Debug|x64.ActiveCfg = Debug|x64
		{9E6E3785-C009-4721-BF0C-C9A30561A87C}.Debug|x64.Build.0 = Debug|x64
		{9E6E3785-C009-4721-BF0C-C9A30561A87C}.Debug|x86.ActiveCfg = Debug|Win32
		{9E6E3785-C009-4721-BF0C-C9A30561A87C}.Debug|x86.Build.0 = Debug|Win32
		{9E6E3785-C009-4721-BF0C-C9A30561A87C}.Release|x64.ActiveCfg = Release|x64
		{9E6E3785-C009-4721-BF0C-C9A30561A87C}.Release|x64.Build.0 = Release|x64
		{9E6E3785-C009-4721-BF0C-C9A30561A87C}.Release|x86.ActiveCfg = Release|Win32
		{9E6E3785-C009-4721-BF0C-C9A30561A87C}.Release|x86.Build.0 = Release|Win32
	EndGlobalSection
	GlobalSection(SolutionProperties) = preSolution
		HideSolutionNode = FALSE
	EndGlobalSection
	GlobalSection(NestedProjects) = preSolution
		{AE8A375F-87FF-48A3-80E0-D32CD11459B5} = {2424A51E-B3CC-418E-9DD4-DD53FE261F93}
	EndGlobalSection
	GlobalSection(ExtensibilityGlobals) = postSolution
		SolutionGuid = {ABFB6E43-0167-4BB8-A65B-383EA0F542DC}
	EndGlobalSection
EndGlobal
